
Microsoft Visual Studio Solution File, Format Version 12.00
# Visual Studio Version 16
VisualStudioVersion = 16.0.30011.22
MinimumVisualStudioVersion = 10.0.40219.1
Project("{FAE04EC0-301F-11D3-BF4B-00C04F79EFBC}") = "DIP", "DIP.csproj", "{6FA2DF47-A38F-41AC-A2F8-4CA64AA517D0}"
EndProject
Global
	GlobalSection(SolutionConfigurationPlatforms) = preSolution
		Debug|Any CPU = Debug|Any CPU
		Release|Any CPU = Release|Any CPU
	EndGlobalSection
	GlobalSection(ProjectConfigurationPlatforms) = postSolution
		{6FA2DF47-A38F-41AC-A2F8-4CA64AA517D0}.Debug|Any CPU.ActiveCfg = Debug|Any CPU
		{6FA2DF47-A38F-41AC-A2F8-4CA64AA517D0}.Debug|Any CPU.Build.0 = Debug|Any CPU
		{6FA2DF47-A38F-41AC-A2F8-4CA64AA517D0}.Release|Any CPU.ActiveCfg = Release|Any CPU
		{6FA2DF47-A38F-41AC-A2F8-4CA64AA517D0}.Release|Any CPU.Build.0 = Release|Any CPU
	EndGlobalSection
	GlobalSection(SolutionProperties) = preSolution
		HideSolutionNode = FALSE
	EndGlobalSection
	GlobalSection(ExtensibilityGlobals) = postSolution
		SolutionGuid = {7381CD9A-FDEF-4C2B-824F-F3DCF6359175}
	EndGlobalSection
EndGlobal
