
Microsoft Visual Studio Solution File, Format Version 12.00
# Visual Studio 15
VisualStudioVersion = 15.0.28307.852
MinimumVisualStudioVersion = 10.0.40219.1
Project("{FAE04EC0-301F-11D3-BF4B-00C04F79EFBC}") = "PracticeMVC", "PracticeMVC\PracticeMVC.csproj", "{3EEBF27F-FE37-416B-A5B2-94F129470F27}"
EndProject
Project("{2150E333-8FDC-42A3-9474-1A3956D46DE8}") = "start", "start", "{A5B5A00A-B390-483D-A9AA-6D832AA5D445}"
EndProject
Project("{FAE04EC0-301F-11D3-BF4B-00C04F79EFBC}") = "Practice.Web", "Practice.Web\Practice.Web.csproj", "{C628B45A-54C4-48F1-8A67-0AF0586DC3B1}"
EndProject
Project("{2150E333-8FDC-42A3-9474-1A3956D46DE8}") = "Foundation", "Foundation", "{5F5C6A73-66EC-42A1-A3A7-BEB29681B1AF}"
EndProject
Project("{2150E333-8FDC-42A3-9474-1A3956D46DE8}") = "Feature", "Feature", "{C6F03602-318A-4C54-A57C-BE009043887A}"
EndProject
Project("{2150E333-8FDC-42A3-9474-1A3956D46DE8}") = "Console", "Console", "{27C914DE-48E9-498B-AF41-AA1CC197515E}"
EndProject
Project("{2150E333-8FDC-42A3-9474-1A3956D46DE8}") = "Automapper", "Automapper", "{CB68AAB4-6242-4C83-BF17-59359FB645CC}"
EndProject
Project("{FAE04EC0-301F-11D3-BF4B-00C04F79EFBC}") = "Automapper", "Console\Automapper\Automapper\Automapper\Automapper.csproj", "{8C4E8622-24BE-4406-ABC1-BEA1944CBD87}"
EndProject
Project("{2150E333-8FDC-42A3-9474-1A3956D46DE8}") = "Test", "Test", "{31242A3D-9F7F-4057-ADFA-541462F82D76}"
EndProject
Project("{FAE04EC0-301F-11D3-BF4B-00C04F79EFBC}") = "TestPractice", "TestPractice\TestPractice.csproj", "{BC9D6C53-2119-4F61-B132-78872A49A268}"
EndProject
Project("{2150E333-8FDC-42A3-9474-1A3956D46DE8}") = "DesignPatterns", "DesignPatterns", "{C649729B-F201-4DF2-BDF9-3E494A300593}"
EndProject
Project("{2150E333-8FDC-42A3-9474-1A3956D46DE8}") = "Creational", "Creational", "{E3AA5692-A7AD-44EE-BB6C-BC8C765F30A9}"
EndProject
Project("{FAE04EC0-301F-11D3-BF4B-00C04F79EFBC}") = "Singleton", "Singleton\Singleton.csproj", "{89BE032E-734D-4E86-BB29-77232F78425B}"
EndProject
Project("{FAE04EC0-301F-11D3-BF4B-00C04F79EFBC}") = "AbstractFactory", "AbstractFactory\AbstractFactory.csproj", "{0A51F1D9-9B6A-492A-8A07-856F86956326}"
EndProject
Global
	GlobalSection(SolutionConfigurationPlatforms) = preSolution
		Debug|Any CPU = Debug|Any CPU
		Release|Any CPU = Release|Any CPU
	EndGlobalSection
	GlobalSection(ProjectConfigurationPlatforms) = postSolution
		{3EEBF27F-FE37-416B-A5B2-94F129470F27}.Debug|Any CPU.ActiveCfg = Debug|Any CPU
		{3EEBF27F-FE37-416B-A5B2-94F129470F27}.Debug|Any CPU.Build.0 = Debug|Any CPU
		{3EEBF27F-FE37-416B-A5B2-94F129470F27}.Release|Any CPU.ActiveCfg = Release|Any CPU
		{3EEBF27F-FE37-416B-A5B2-94F129470F27}.Release|Any CPU.Build.0 = Release|Any CPU
		{C628B45A-54C4-48F1-8A67-0AF0586DC3B1}.Debug|Any CPU.ActiveCfg = Debug|Any CPU
		{C628B45A-54C4-48F1-8A67-0AF0586DC3B1}.Debug|Any CPU.Build.0 = Debug|Any CPU
		{C628B45A-54C4-48F1-8A67-0AF0586DC3B1}.Release|Any CPU.ActiveCfg = Release|Any CPU
		{C628B45A-54C4-48F1-8A67-0AF0586DC3B1}.Release|Any CPU.Build.0 = Release|Any CPU
		{8C4E8622-24BE-4406-ABC1-BEA1944CBD87}.Debug|Any CPU.ActiveCfg = Debug|Any CPU
		{8C4E8622-24BE-4406-ABC1-BEA1944CBD87}.Debug|Any CPU.Build.0 = Debug|Any CPU
		{8C4E8622-24BE-4406-ABC1-BEA1944CBD87}.Release|Any CPU.ActiveCfg = Release|Any CPU
		{8C4E8622-24BE-4406-ABC1-BEA1944CBD87}.Release|Any CPU.Build.0 = Release|Any CPU
		{BC9D6C53-2119-4F61-B132-78872A49A268}.Debug|Any CPU.ActiveCfg = Debug|Any CPU
		{BC9D6C53-2119-4F61-B132-78872A49A268}.Debug|Any CPU.Build.0 = Debug|Any CPU
		{BC9D6C53-2119-4F61-B132-78872A49A268}.Release|Any CPU.ActiveCfg = Release|Any CPU
		{BC9D6C53-2119-4F61-B132-78872A49A268}.Release|Any CPU.Build.0 = Release|Any CPU
		{89BE032E-734D-4E86-BB29-77232F78425B}.Debug|Any CPU.ActiveCfg = Debug|Any CPU
		{89BE032E-734D-4E86-BB29-77232F78425B}.Debug|Any CPU.Build.0 = Debug|Any CPU
		{89BE032E-734D-4E86-BB29-77232F78425B}.Release|Any CPU.ActiveCfg = Release|Any CPU
		{89BE032E-734D-4E86-BB29-77232F78425B}.Release|Any CPU.Build.0 = Release|Any CPU
		{0A51F1D9-9B6A-492A-8A07-856F86956326}.Debug|Any CPU.ActiveCfg = Debug|Any CPU
		{0A51F1D9-9B6A-492A-8A07-856F86956326}.Debug|Any CPU.Build.0 = Debug|Any CPU
		{0A51F1D9-9B6A-492A-8A07-856F86956326}.Release|Any CPU.ActiveCfg = Release|Any CPU
		{0A51F1D9-9B6A-492A-8A07-856F86956326}.Release|Any CPU.Build.0 = Release|Any CPU
	EndGlobalSection
	GlobalSection(SolutionProperties) = preSolution
		HideSolutionNode = FALSE
	EndGlobalSection
	GlobalSection(NestedProjects) = preSolution
		{C628B45A-54C4-48F1-8A67-0AF0586DC3B1} = {5F5C6A73-66EC-42A1-A3A7-BEB29681B1AF}
		{CB68AAB4-6242-4C83-BF17-59359FB645CC} = {27C914DE-48E9-498B-AF41-AA1CC197515E}
		{8C4E8622-24BE-4406-ABC1-BEA1944CBD87} = {CB68AAB4-6242-4C83-BF17-59359FB645CC}
		{31242A3D-9F7F-4057-ADFA-541462F82D76} = {27C914DE-48E9-498B-AF41-AA1CC197515E}
		{BC9D6C53-2119-4F61-B132-78872A49A268} = {31242A3D-9F7F-4057-ADFA-541462F82D76}
		{C649729B-F201-4DF2-BDF9-3E494A300593} = {27C914DE-48E9-498B-AF41-AA1CC197515E}
		{E3AA5692-A7AD-44EE-BB6C-BC8C765F30A9} = {C649729B-F201-4DF2-BDF9-3E494A300593}
		{89BE032E-734D-4E86-BB29-77232F78425B} = {E3AA5692-A7AD-44EE-BB6C-BC8C765F30A9}
		{0A51F1D9-9B6A-492A-8A07-856F86956326} = {E3AA5692-A7AD-44EE-BB6C-BC8C765F30A9}
	EndGlobalSection
	GlobalSection(ExtensibilityGlobals) = postSolution
		SolutionGuid = {4E851F3F-A58A-4F89-B75B-A74CE18C42E0}
	EndGlobalSection
EndGlobal
