
Microsoft Visual Studio Solution File, Format Version 12.00
# Visual Studio Version 16
VisualStudioVersion = 16.0.30011.22
MinimumVisualStudioVersion = 10.0.40219.1
Project("{FAE04EC0-301F-11D3-BF4B-00C04F79EFBC}") = "PracticeMVC", "PracticeMVC\PracticeMVC.csproj", "{3EEBF27F-FE37-416B-A5B2-94F129470F27}"
EndProject
Project("{2150E333-8FDC-42A3-9474-1A3956D46DE8}") = "start", "start", "{A5B5A00A-B390-483D-A9AA-6D832AA5D445}"
EndProject
Project("{FAE04EC0-301F-11D3-BF4B-00C04F79EFBC}") = "Practice.Web", "Practice.Web\Practice.Web.csproj", "{C628B45A-54C4-48F1-8A67-0AF0586DC3B1}"
EndProject
Project("{2150E333-8FDC-42A3-9474-1A3956D46DE8}") = "Foundation", "Foundation", "{5F5C6A73-66EC-42A1-A3A7-BEB29681B1AF}"
EndProject
Project("{2150E333-8FDC-42A3-9474-1A3956D46DE8}") = "Feature", "Feature", "{C6F03602-318A-4C54-A57C-BE009043887A}"
EndProject
Project("{2150E333-8FDC-42A3-9474-1A3956D46DE8}") = "Console", "Console", "{27C914DE-48E9-498B-AF41-AA1CC197515E}"
EndProject
Project("{2150E333-8FDC-42A3-9474-1A3956D46DE8}") = "Automapper", "Automapper", "{CB68AAB4-6242-4C83-BF17-59359FB645CC}"
EndProject
Project("{2150E333-8FDC-42A3-9474-1A3956D46DE8}") = "Test", "Test", "{31242A3D-9F7F-4057-ADFA-541462F82D76}"
EndProject
Project("{FAE04EC0-301F-11D3-BF4B-00C04F79EFBC}") = "TestPractice", "TestPractice\TestPractice.csproj", "{BC9D6C53-2119-4F61-B132-78872A49A268}"
EndProject
Project("{2150E333-8FDC-42A3-9474-1A3956D46DE8}") = "Solid", "Solid", "{1B385EA1-D1E9-413A-A669-E40876A395A8}"
EndProject
Project("{2150E333-8FDC-42A3-9474-1A3956D46DE8}") = "1 SingleResponsibilityPrinciple", "1 SingleResponsibilityPrinciple", "{ACFF48A4-9FD0-4DF8-AAF6-843AD3075464}"
EndProject
Project("{FAE04EC0-301F-11D3-BF4B-00C04F79EFBC}") = "Automapper", "Console\Automapper\Automapper\Automapper.csproj", "{8C4E8622-24BE-4406-ABC1-BEA1944CBD87}"
EndProject
Project("{FAE04EC0-301F-11D3-BF4B-00C04F79EFBC}") = "SRP", "Console\Solid\SRP\SRP.csproj", "{6884AD4C-470A-4CE2-A580-D0DC5D0CD56B}"
EndProject
Project("{2150E333-8FDC-42A3-9474-1A3956D46DE8}") = "2 OpenClosedPrinciple", "2 OpenClosedPrinciple", "{BA6B1AE0-E3FF-4BAB-A7F4-581658F6242A}"
EndProject
Project("{FAE04EC0-301F-11D3-BF4B-00C04F79EFBC}") = "OCP", "Console\Solid\OCP\OCP.csproj", "{E629B433-135D-4B5B-8B3A-663FB31EEF23}"
EndProject
Project("{2150E333-8FDC-42A3-9474-1A3956D46DE8}") = "3 LiskovSubstitutionPrinciple", "3 LiskovSubstitutionPrinciple", "{9F591F12-83B0-4D37-857D-93C7B7F00F3F}"
EndProject
Project("{FAE04EC0-301F-11D3-BF4B-00C04F79EFBC}") = "LSP", "Console\Solid\LiskovSubstitutionPrinciple\LSP\LSP.csproj", "{52A91882-460B-41FB-9046-56B4E9F7D0C3}"
EndProject
Project("{2150E333-8FDC-42A3-9474-1A3956D46DE8}") = "4 InterfaceSegregationPrinciple", "4 InterfaceSegregationPrinciple", "{0A08CD11-66E2-4A68-A323-99D46CC4689D}"
EndProject
Project("{FAE04EC0-301F-11D3-BF4B-00C04F79EFBC}") = "ISP", "Console\Solid\InterfaceSegregation\ISP\ISP.csproj", "{44CE1361-38DB-4943-8C79-8D7616E30323}"
EndProject
Project("{2150E333-8FDC-42A3-9474-1A3956D46DE8}") = "5 DependencyInversionPrinciple", "5 DependencyInversionPrinciple", "{AC353FE2-A4E1-42F1-AA23-BFEFA9A7355D}"
EndProject
Project("{FAE04EC0-301F-11D3-BF4B-00C04F79EFBC}") = "DIP", "Console\Solid\DependencyInversionPrinciple\DIP\DIP.csproj", "{6FA2DF47-A38F-41AC-A2F8-4CA64AA517D0}"
EndProject
Global
	GlobalSection(SolutionConfigurationPlatforms) = preSolution
		Debug|Any CPU = Debug|Any CPU
		Release|Any CPU = Release|Any CPU
	EndGlobalSection
	GlobalSection(ProjectConfigurationPlatforms) = postSolution
		{3EEBF27F-FE37-416B-A5B2-94F129470F27}.Debug|Any CPU.ActiveCfg = Debug|Any CPU
		{3EEBF27F-FE37-416B-A5B2-94F129470F27}.Debug|Any CPU.Build.0 = Debug|Any CPU
		{3EEBF27F-FE37-416B-A5B2-94F129470F27}.Release|Any CPU.ActiveCfg = Release|Any CPU
		{3EEBF27F-FE37-416B-A5B2-94F129470F27}.Release|Any CPU.Build.0 = Release|Any CPU
		{C628B45A-54C4-48F1-8A67-0AF0586DC3B1}.Debug|Any CPU.ActiveCfg = Debug|Any CPU
		{C628B45A-54C4-48F1-8A67-0AF0586DC3B1}.Debug|Any CPU.Build.0 = Debug|Any CPU
		{C628B45A-54C4-48F1-8A67-0AF0586DC3B1}.Release|Any CPU.ActiveCfg = Release|Any CPU
		{C628B45A-54C4-48F1-8A67-0AF0586DC3B1}.Release|Any CPU.Build.0 = Release|Any CPU
		{BC9D6C53-2119-4F61-B132-78872A49A268}.Debug|Any CPU.ActiveCfg = Debug|Any CPU
		{BC9D6C53-2119-4F61-B132-78872A49A268}.Debug|Any CPU.Build.0 = Debug|Any CPU
		{BC9D6C53-2119-4F61-B132-78872A49A268}.Release|Any CPU.ActiveCfg = Release|Any CPU
		{BC9D6C53-2119-4F61-B132-78872A49A268}.Release|Any CPU.Build.0 = Release|Any CPU
		{8C4E8622-24BE-4406-ABC1-BEA1944CBD87}.Debug|Any CPU.ActiveCfg = Debug|Any CPU
		{8C4E8622-24BE-4406-ABC1-BEA1944CBD87}.Debug|Any CPU.Build.0 = Debug|Any CPU
		{8C4E8622-24BE-4406-ABC1-BEA1944CBD87}.Release|Any CPU.ActiveCfg = Release|Any CPU
		{8C4E8622-24BE-4406-ABC1-BEA1944CBD87}.Release|Any CPU.Build.0 = Release|Any CPU
		{6884AD4C-470A-4CE2-A580-D0DC5D0CD56B}.Debug|Any CPU.ActiveCfg = Debug|Any CPU
		{6884AD4C-470A-4CE2-A580-D0DC5D0CD56B}.Debug|Any CPU.Build.0 = Debug|Any CPU
		{6884AD4C-470A-4CE2-A580-D0DC5D0CD56B}.Release|Any CPU.ActiveCfg = Release|Any CPU
		{6884AD4C-470A-4CE2-A580-D0DC5D0CD56B}.Release|Any CPU.Build.0 = Release|Any CPU
		{E629B433-135D-4B5B-8B3A-663FB31EEF23}.Debug|Any CPU.ActiveCfg = Debug|Any CPU
		{E629B433-135D-4B5B-8B3A-663FB31EEF23}.Debug|Any CPU.Build.0 = Debug|Any CPU
		{E629B433-135D-4B5B-8B3A-663FB31EEF23}.Release|Any CPU.ActiveCfg = Release|Any CPU
		{E629B433-135D-4B5B-8B3A-663FB31EEF23}.Release|Any CPU.Build.0 = Release|Any CPU
		{52A91882-460B-41FB-9046-56B4E9F7D0C3}.Debug|Any CPU.ActiveCfg = Debug|Any CPU
		{52A91882-460B-41FB-9046-56B4E9F7D0C3}.Debug|Any CPU.Build.0 = Debug|Any CPU
		{52A91882-460B-41FB-9046-56B4E9F7D0C3}.Release|Any CPU.ActiveCfg = Release|Any CPU
		{52A91882-460B-41FB-9046-56B4E9F7D0C3}.Release|Any CPU.Build.0 = Release|Any CPU
		{44CE1361-38DB-4943-8C79-8D7616E30323}.Debug|Any CPU.ActiveCfg = Debug|Any CPU
		{44CE1361-38DB-4943-8C79-8D7616E30323}.Debug|Any CPU.Build.0 = Debug|Any CPU
		{44CE1361-38DB-4943-8C79-8D7616E30323}.Release|Any CPU.ActiveCfg = Release|Any CPU
		{44CE1361-38DB-4943-8C79-8D7616E30323}.Release|Any CPU.Build.0 = Release|Any CPU
		{6FA2DF47-A38F-41AC-A2F8-4CA64AA517D0}.Debug|Any CPU.ActiveCfg = Debug|Any CPU
		{6FA2DF47-A38F-41AC-A2F8-4CA64AA517D0}.Debug|Any CPU.Build.0 = Debug|Any CPU
		{6FA2DF47-A38F-41AC-A2F8-4CA64AA517D0}.Release|Any CPU.ActiveCfg = Release|Any CPU
		{6FA2DF47-A38F-41AC-A2F8-4CA64AA517D0}.Release|Any CPU.Build.0 = Release|Any CPU
	EndGlobalSection
	GlobalSection(SolutionProperties) = preSolution
		HideSolutionNode = FALSE
	EndGlobalSection
	GlobalSection(NestedProjects) = preSolution
		{C628B45A-54C4-48F1-8A67-0AF0586DC3B1} = {5F5C6A73-66EC-42A1-A3A7-BEB29681B1AF}
		{CB68AAB4-6242-4C83-BF17-59359FB645CC} = {27C914DE-48E9-498B-AF41-AA1CC197515E}
		{31242A3D-9F7F-4057-ADFA-541462F82D76} = {27C914DE-48E9-498B-AF41-AA1CC197515E}
		{BC9D6C53-2119-4F61-B132-78872A49A268} = {31242A3D-9F7F-4057-ADFA-541462F82D76}
		{1B385EA1-D1E9-413A-A669-E40876A395A8} = {27C914DE-48E9-498B-AF41-AA1CC197515E}
		{ACFF48A4-9FD0-4DF8-AAF6-843AD3075464} = {1B385EA1-D1E9-413A-A669-E40876A395A8}
		{8C4E8622-24BE-4406-ABC1-BEA1944CBD87} = {CB68AAB4-6242-4C83-BF17-59359FB645CC}
		{6884AD4C-470A-4CE2-A580-D0DC5D0CD56B} = {ACFF48A4-9FD0-4DF8-AAF6-843AD3075464}
		{BA6B1AE0-E3FF-4BAB-A7F4-581658F6242A} = {1B385EA1-D1E9-413A-A669-E40876A395A8}
		{E629B433-135D-4B5B-8B3A-663FB31EEF23} = {BA6B1AE0-E3FF-4BAB-A7F4-581658F6242A}
		{9F591F12-83B0-4D37-857D-93C7B7F00F3F} = {1B385EA1-D1E9-413A-A669-E40876A395A8}
		{52A91882-460B-41FB-9046-56B4E9F7D0C3} = {9F591F12-83B0-4D37-857D-93C7B7F00F3F}
		{0A08CD11-66E2-4A68-A323-99D46CC4689D} = {1B385EA1-D1E9-413A-A669-E40876A395A8}
		{44CE1361-38DB-4943-8C79-8D7616E30323} = {0A08CD11-66E2-4A68-A323-99D46CC4689D}
		{AC353FE2-A4E1-42F1-AA23-BFEFA9A7355D} = {1B385EA1-D1E9-413A-A669-E40876A395A8}
		{6FA2DF47-A38F-41AC-A2F8-4CA64AA517D0} = {AC353FE2-A4E1-42F1-AA23-BFEFA9A7355D}
	EndGlobalSection
	GlobalSection(ExtensibilityGlobals) = postSolution
		SolutionGuid = {4E851F3F-A58A-4F89-B75B-A74CE18C42E0}
	EndGlobalSection
EndGlobal
